// !$*UTF8*$!
{
	archiveVersion = 1;
	classes = {
	};
	objectVersion = 50;
	objects = {

/* Begin PBXBuildFile section */
		611CFEC723B3E67900D1DD05 /* AppDelegate.swift in Sources */ = {isa = PBXBuildFile; fileRef = 611CFEC623B3E67900D1DD05 /* AppDelegate.swift */; };
		611CFEC923B3E67900D1DD05 /* SceneDelegate.swift in Sources */ = {isa = PBXBuildFile; fileRef = 611CFEC823B3E67900D1DD05 /* SceneDelegate.swift */; };
		611CFECB23B3E67900D1DD05 /* ContentView.swift in Sources */ = {isa = PBXBuildFile; fileRef = 611CFECA23B3E67900D1DD05 /* ContentView.swift */; };
		611CFECD23B3E67B00D1DD05 /* Assets.xcassets in Resources */ = {isa = PBXBuildFile; fileRef = 611CFECC23B3E67B00D1DD05 /* Assets.xcassets */; };
		611CFED023B3E67B00D1DD05 /* Preview Assets.xcassets in Resources */ = {isa = PBXBuildFile; fileRef = 611CFECF23B3E67B00D1DD05 /* Preview Assets.xcassets */; };
		611CFED323B3E67B00D1DD05 /* LaunchScreen.storyboard in Resources */ = {isa = PBXBuildFile; fileRef = 611CFED123B3E67B00D1DD05 /* LaunchScreen.storyboard */; };
		611CFEDE23B3E67B00D1DD05 /* MultilineTexfield_SwiftUITests.swift in Sources */ = {isa = PBXBuildFile; fileRef = 611CFEDD23B3E67B00D1DD05 /* MultilineTexfield_SwiftUITests.swift */; };
		611CFEE923B3E67B00D1DD05 /* MultilineTexfield_SwiftUIUITests.swift in Sources */ = {isa = PBXBuildFile; fileRef = 611CFEE823B3E67B00D1DD05 /* MultilineTexfield_SwiftUIUITests.swift */; };
/* End PBXBuildFile section */

/* Begin PBXContainerItemProxy section */
		611CFEDA23B3E67B00D1DD05 /* PBXContainerItemProxy */ = {
			isa = PBXContainerItemProxy;
			containerPortal = 611CFEBB23B3E67800D1DD05 /* Project object */;
			proxyType = 1;
			remoteGlobalIDString = 611CFEC223B3E67800D1DD05;
			remoteInfo = "MultilineTexfield-SwiftUI";
		};
		611CFEE523B3E67B00D1DD05 /* PBXContainerItemProxy */ = {
			isa = PBXContainerItemProxy;
			containerPortal = 611CFEBB23B3E67800D1DD05 /* Project object */;
			proxyType = 1;
			remoteGlobalIDString = 611CFEC223B3E67800D1DD05;
			remoteInfo = "MultilineTexfield-SwiftUI";
		};
/* End PBXContainerItemProxy section */

/* Begin PBXFileReference section */
		611CFEC323B3E67900D1DD05 /* MultilineTexfield-SwiftUI.app */ = {isa = PBXFileReference; explicitFileType = wrapper.application; includeInIndex = 0; path = "MultilineTexfield-SwiftUI.app"; sourceTree = BUILT_PRODUCTS_DIR; };
		611CFEC623B3E67900D1DD05 /* AppDelegate.swift */ = {isa = PBXFileReference; lastKnownFileType = sourcecode.swift; path = AppDelegate.swift; sourceTree = "<group>"; };
		611CFEC823B3E67900D1DD05 /* SceneDelegate.swift */ = {isa = PBXFileReference; lastKnownFileType = sourcecode.swift; path = SceneDelegate.swift; sourceTree = "<group>"; };
		611CFECA23B3E67900D1DD05 /* ContentView.swift */ = {isa = PBXFileReference; lastKnownFileType = sourcecode.swift; path = ContentView.swift; sourceTree = "<group>"; };
		611CFECC23B3E67B00D1DD05 /* Assets.xcassets */ = {isa = PBXFileReference; lastKnownFileType = folder.assetcatalog; path = Assets.xcassets; sourceTree = "<group>"; };
		611CFECF23B3E67B00D1DD05 /* Preview Assets.xcassets */ = {isa = PBXFileReference; lastKnownFileType = folder.assetcatalog; path = "Preview Assets.xcassets"; sourceTree = "<group>"; };
		611CFED223B3E67B00D1DD05 /* Base */ = {isa = PBXFileReference; lastKnownFileType = file.storyboard; name = Base; path = Base.lproj/LaunchScreen.storyboard; sourceTree = "<group>"; };
		611CFED423B3E67B00D1DD05 /* Info.plist */ = {isa = PBXFileReference; lastKnownFileType = text.plist.xml; path = Info.plist; sourceTree = "<group>"; };
		611CFED923B3E67B00D1DD05 /* MultilineTexfield-SwiftUITests.xctest */ = {isa = PBXFileReference; explicitFileType = wrapper.cfbundle; includeInIndex = 0; path = "MultilineTexfield-SwiftUITests.xctest"; sourceTree = BUILT_PRODUCTS_DIR; };
		611CFEDD23B3E67B00D1DD05 /* MultilineTexfield_SwiftUITests.swift */ = {isa = PBXFileReference; lastKnownFileType = sourcecode.swift; path = MultilineTexfield_SwiftUITests.swift; sourceTree = "<group>"; };
		611CFEDF23B3E67B00D1DD05 /* Info.plist */ = {isa = PBXFileReference; lastKnownFileType = text.plist.xml; path = Info.plist; sourceTree = "<group>"; };
		611CFEE423B3E67B00D1DD05 /* MultilineTexfield-SwiftUIUITests.xctest */ = {isa = PBXFileReference; explicitFileType = wrapper.cfbundle; includeInIndex = 0; path = "MultilineTexfield-SwiftUIUITests.xctest"; sourceTree = BUILT_PRODUCTS_DIR; };
		611CFEE823B3E67B00D1DD05 /* MultilineTexfield_SwiftUIUITests.swift */ = {isa = PBXFileReference; lastKnownFileType = sourcecode.swift; path = MultilineTexfield_SwiftUIUITests.swift; sourceTree = "<group>"; };
		611CFEEA23B3E67B00D1DD05 /* Info.plist */ = {isa = PBXFileReference; lastKnownFileType = text.plist.xml; path = Info.plist; sourceTree = "<group>"; };
/* End PBXFileReference section */

/* Begin PBXFrameworksBuildPhase section */
		611CFEC023B3E67800D1DD05 /* Frameworks */ = {
			isa = PBXFrameworksBuildPhase;
			buildActionMask = 2147483647;
			files = (
			);
			runOnlyForDeploymentPostprocessing = 0;
		};
		611CFED623B3E67B00D1DD05 /* Frameworks */ = {
			isa = PBXFrameworksBuildPhase;
			buildActionMask = 2147483647;
			files = (
			);
			runOnlyForDeploymentPostprocessing = 0;
		};
		611CFEE123B3E67B00D1DD05 /* Frameworks */ = {
			isa = PBXFrameworksBuildPhase;
			buildActionMask = 2147483647;
			files = (
			);
			runOnlyForDeploymentPostprocessing = 0;
		};
/* End PBXFrameworksBuildPhase section */

/* Begin PBXGroup section */
		611CFEBA23B3E67800D1DD05 = {
			isa = PBXGroup;
			children = (
				611CFEC523B3E67900D1DD05 /* MultilineTexfield-SwiftUI */,
				611CFEDC23B3E67B00D1DD05 /* MultilineTexfield-SwiftUITests */,
				611CFEE723B3E67B00D1DD05 /* MultilineTexfield-SwiftUIUITests */,
				611CFEC423B3E67900D1DD05 /* Products */,
			);
			sourceTree = "<group>";
		};
		611CFEC423B3E67900D1DD05 /* Products */ = {
			isa = PBXGroup;
			children = (
				611CFEC323B3E67900D1DD05 /* MultilineTexfield-SwiftUI.app */,
				611CFED923B3E67B00D1DD05 /* MultilineTexfield-SwiftUITests.xctest */,
				611CFEE423B3E67B00D1DD05 /* MultilineTexfield-SwiftUIUITests.xctest */,
			);
			name = Products;
			sourceTree = "<group>";
		};
		611CFEC523B3E67900D1DD05 /* MultilineTexfield-SwiftUI */ = {
			isa = PBXGroup;
			children = (
				611CFEC623B3E67900D1DD05 /* AppDelegate.swift */,
				611CFEC823B3E67900D1DD05 /* SceneDelegate.swift */,
				611CFECA23B3E67900D1DD05 /* ContentView.swift */,
				611CFECC23B3E67B00D1DD05 /* Assets.xcassets */,
				611CFED123B3E67B00D1DD05 /* LaunchScreen.storyboard */,
				611CFED423B3E67B00D1DD05 /* Info.plist */,
				611CFECE23B3E67B00D1DD05 /* Preview Content */,
			);
			path = "MultilineTexfield-SwiftUI";
			sourceTree = "<group>";
		};
		611CFECE23B3E67B00D1DD05 /* Preview Content */ = {
			isa = PBXGroup;
			children = (
				611CFECF23B3E67B00D1DD05 /* Preview Assets.xcassets */,
			);
			path = "Preview Content";
			sourceTree = "<group>";
		};
		611CFEDC23B3E67B00D1DD05 /* MultilineTexfield-SwiftUITests */ = {
			isa = PBXGroup;
			children = (
				611CFEDD23B3E67B00D1DD05 /* MultilineTexfield_SwiftUITests.swift */,
				611CFEDF23B3E67B00D1DD05 /* Info.plist */,
			);
			path = "MultilineTexfield-SwiftUITests";
			sourceTree = "<group>";
		};
		611CFEE723B3E67B00D1DD05 /* MultilineTexfield-SwiftUIUITests */ = {
			isa = PBXGroup;
			children = (
				611CFEE823B3E67B00D1DD05 /* MultilineTexfield_SwiftUIUITests.swift */,
				611CFEEA23B3E67B00D1DD05 /* Info.plist */,
			);
			path = "MultilineTexfield-SwiftUIUITests";
			sourceTree = "<group>";
		};
/* End PBXGroup section */

/* Begin PBXNativeTarget section */
		611CFEC223B3E67800D1DD05 /* MultilineTexfield-SwiftUI */ = {
			isa = PBXNativeTarget;
			buildConfigurationList = 611CFEED23B3E67B00D1DD05 /* Build configuration list for PBXNativeTarget "MultilineTexfield-SwiftUI" */;
			buildPhases = (
				611CFEBF23B3E67800D1DD05 /* Sources */,
				611CFEC023B3E67800D1DD05 /* Frameworks */,
				611CFEC123B3E67800D1DD05 /* Resources */,
			);
			buildRules = (
			);
			dependencies = (
			);
			name = "MultilineTexfield-SwiftUI";
			productName = "MultilineTexfield-SwiftUI";
			productReference = 611CFEC323B3E67900D1DD05 /* MultilineTexfield-SwiftUI.app */;
			productType = "com.apple.product-type.application";
		};
		611CFED823B3E67B00D1DD05 /* MultilineTexfield-SwiftUITests */ = {
			isa = PBXNativeTarget;
			buildConfigurationList = 611CFEF023B3E67B00D1DD05 /* Build configuration list for PBXNativeTarget "MultilineTexfield-SwiftUITests" */;
			buildPhases = (
				611CFED523B3E67B00D1DD05 /* Sources */,
				611CFED623B3E67B00D1DD05 /* Frameworks */,
				611CFED723B3E67B00D1DD05 /* Resources */,
			);
			buildRules = (
			);
			dependencies = (
				611CFEDB23B3E67B00D1DD05 /* PBXTargetDependency */,
			);
			name = "MultilineTexfield-SwiftUITests";
			productName = "MultilineTexfield-SwiftUITests";
			productReference = 611CFED923B3E67B00D1DD05 /* MultilineTexfield-SwiftUITests.xctest */;
			productType = "com.apple.product-type.bundle.unit-test";
		};
		611CFEE323B3E67B00D1DD05 /* MultilineTexfield-SwiftUIUITests */ = {
			isa = PBXNativeTarget;
			buildConfigurationList = 611CFEF323B3E67B00D1DD05 /* Build configuration list for PBXNativeTarget "MultilineTexfield-SwiftUIUITests" */;
			buildPhases = (
				611CFEE023B3E67B00D1DD05 /* Sources */,
				611CFEE123B3E67B00D1DD05 /* Frameworks */,
				611CFEE223B3E67B00D1DD05 /* Resources */,
			);
			buildRules = (
			);
			dependencies = (
				611CFEE623B3E67B00D1DD05 /* PBXTargetDependency */,
			);
			name = "MultilineTexfield-SwiftUIUITests";
			productName = "MultilineTexfield-SwiftUIUITests";
			productReference = 611CFEE423B3E67B00D1DD05 /* MultilineTexfield-SwiftUIUITests.xctest */;
			productType = "com.apple.product-type.bundle.ui-testing";
		};
/* End PBXNativeTarget section */

/* Begin PBXProject section */
		611CFEBB23B3E67800D1DD05 /* Project object */ = {
			isa = PBXProject;
			attributes = {
				LastSwiftUpdateCheck = 1130;
				LastUpgradeCheck = 1130;
				ORGANIZATIONNAME = "Mert Ala";
				TargetAttributes = {
					611CFEC223B3E67800D1DD05 = {
						CreatedOnToolsVersion = 11.3;
					};
					611CFED823B3E67B00D1DD05 = {
						CreatedOnToolsVersion = 11.3;
						TestTargetID = 611CFEC223B3E67800D1DD05;
					};
					611CFEE323B3E67B00D1DD05 = {
						CreatedOnToolsVersion = 11.3;
						TestTargetID = 611CFEC223B3E67800D1DD05;
					};
				};
			};
			buildConfigurationList = 611CFEBE23B3E67800D1DD05 /* Build configuration list for PBXProject "MultilineTexfield-SwiftUI" */;
			compatibilityVersion = "Xcode 9.3";
			developmentRegion = en;
			hasScannedForEncodings = 0;
			knownRegions = (
				en,
				Base,
			);
			mainGroup = 611CFEBA23B3E67800D1DD05;
			productRefGroup = 611CFEC423B3E67900D1DD05 /* Products */;
			projectDirPath = "";
			projectRoot = "";
			targets = (
				611CFEC223B3E67800D1DD05 /* MultilineTexfield-SwiftUI */,
				611CFED823B3E67B00D1DD05 /* MultilineTexfield-SwiftUITests */,
				611CFEE323B3E67B00D1DD05 /* MultilineTexfield-SwiftUIUITests */,
			);
		};
/* End PBXProject section */

/* Begin PBXResourcesBuildPhase section */
		611CFEC123B3E67800D1DD05 /* Resources */ = {
			isa = PBXResourcesBuildPhase;
			buildActionMask = 2147483647;
			files = (
				611CFED323B3E67B00D1DD05 /* LaunchScreen.storyboard in Resources */,
				611CFED023B3E67B00D1DD05 /* Preview Assets.xcassets in Resources */,
				611CFECD23B3E67B00D1DD05 /* Assets.xcassets in Resources */,
			);
			runOnlyForDeploymentPostprocessing = 0;
		};
		611CFED723B3E67B00D1DD05 /* Resources */ = {
			isa = PBXResourcesBuildPhase;
			buildActionMask = 2147483647;
			files = (
			);
			runOnlyForDeploymentPostprocessing = 0;
		};
		611CFEE223B3E67B00D1DD05 /* Resources */ = {
			isa = PBXResourcesBuildPhase;
			buildActionMask = 2147483647;
			files = (
			);
			runOnlyForDeploymentPostprocessing = 0;
		};
/* End PBXResourcesBuildPhase section */

/* Begin PBXSourcesBuildPhase section */
		611CFEBF23B3E67800D1DD05 /* Sources */ = {
			isa = PBXSourcesBuildPhase;
			buildActionMask = 2147483647;
			files = (
				611CFEC723B3E67900D1DD05 /* AppDelegate.swift in Sources */,
				611CFEC923B3E67900D1DD05 /* SceneDelegate.swift in Sources */,
				611CFECB23B3E67900D1DD05 /* ContentView.swift in Sources */,
			);
			runOnlyForDeploymentPostprocessing = 0;
		};
		611CFED523B3E67B00D1DD05 /* Sources */ = {
			isa = PBXSourcesBuildPhase;
			buildActionMask = 2147483647;
			files = (
				611CFEDE23B3E67B00D1DD05 /* MultilineTexfield_SwiftUITests.swift in Sources */,
			);
			runOnlyForDeploymentPostprocessing = 0;
		};
		611CFEE023B3E67B00D1DD05 /* Sources */ = {
			isa = PBXSourcesBuildPhase;
			buildActionMask = 2147483647;
			files = (
				611CFEE923B3E67B00D1DD05 /* MultilineTexfield_SwiftUIUITests.swift in Sources */,
			);
			runOnlyForDeploymentPostprocessing = 0;
		};
/* End PBXSourcesBuildPhase section */

/* Begin PBXTargetDependency section */
		611CFEDB23B3E67B00D1DD05 /* PBXTargetDependency */ = {
			isa = PBXTargetDependency;
			target = 611CFEC223B3E67800D1DD05 /* MultilineTexfield-SwiftUI */;
			targetProxy = 611CFEDA23B3E67B00D1DD05 /* PBXContainerItemProxy */;
		};
		611CFEE623B3E67B00D1DD05 /* PBXTargetDependency */ = {
			isa = PBXTargetDependency;
			target = 611CFEC223B3E67800D1DD05 /* MultilineTexfield-SwiftUI */;
			targetProxy = 611CFEE523B3E67B00D1DD05 /* PBXContainerItemProxy */;
		};
/* End PBXTargetDependency section */

/* Begin PBXVariantGroup section */
		611CFED123B3E67B00D1DD05 /* LaunchScreen.storyboard */ = {
			isa = PBXVariantGroup;
			children = (
				611CFED223B3E67B00D1DD05 /* Base */,
			);
			name = LaunchScreen.storyboard;
			sourceTree = "<group>";
		};
/* End PBXVariantGroup section */

/* Begin XCBuildConfiguration section */
		611CFEEB23B3E67B00D1DD05 /* Debug */ = {
			isa = XCBuildConfiguration;
			buildSettings = {
				ALWAYS_SEARCH_USER_PATHS = NO;
				CLANG_ANALYZER_NONNULL = YES;
				CLANG_ANALYZER_NUMBER_OBJECT_CONVERSION = YES_AGGRESSIVE;
				CLANG_CXX_LANGUAGE_STANDARD = "gnu++14";
				CLANG_CXX_LIBRARY = "libc++";
				CLANG_ENABLE_MODULES = YES;
				CLANG_ENABLE_OBJC_ARC = YES;
				CLANG_ENABLE_OBJC_WEAK = YES;
				CLANG_WARN_BLOCK_CAPTURE_AUTORELEASING = YES;
				CLANG_WARN_BOOL_CONVERSION = YES;
				CLANG_WARN_COMMA = YES;
				CLANG_WARN_CONSTANT_CONVERSION = YES;
				CLANG_WARN_DEPRECATED_OBJC_IMPLEMENTATIONS = YES;
				CLANG_WARN_DIRECT_OBJC_ISA_USAGE = YES_ERROR;
				CLANG_WARN_DOCUMENTATION_COMMENTS = YES;
				CLANG_WARN_EMPTY_BODY = YES;
				CLANG_WARN_ENUM_CONVERSION = YES;
				CLANG_WARN_INFINITE_RECURSION = YES;
				CLANG_WARN_INT_CONVERSION = YES;
				CLANG_WARN_NON_LITERAL_NULL_CONVERSION = YES;
				CLANG_WARN_OBJC_IMPLICIT_RETAIN_SELF = YES;
				CLANG_WARN_OBJC_LITERAL_CONVERSION = YES;
				CLANG_WARN_OBJC_ROOT_CLASS = YES_ERROR;
				CLANG_WARN_RANGE_LOOP_ANALYSIS = YES;
				CLANG_WARN_STRICT_PROTOTYPES = YES;
				CLANG_WARN_SUSPICIOUS_MOVE = YES;
				CLANG_WARN_UNGUARDED_AVAILABILITY = YES_AGGRESSIVE;
				CLANG_WARN_UNREACHABLE_CODE = YES;
				CLANG_WARN__DUPLICATE_METHOD_MATCH = YES;
				COPY_PHASE_STRIP = NO;
				DEBUG_INFORMATION_FORMAT = dwarf;
				ENABLE_STRICT_OBJC_MSGSEND = YES;
				ENABLE_TESTABILITY = YES;
				GCC_C_LANGUAGE_STANDARD = gnu11;
				GCC_DYNAMIC_NO_PIC = NO;
				GCC_NO_COMMON_BLOCKS = YES;
				GCC_OPTIMIZATION_LEVEL = 0;
				GCC_PREPROCESSOR_DEFINITIONS = (
					"DEBUG=1",
					"$(inherited)",
				);
				GCC_WARN_64_TO_32_BIT_CONVERSION = YES;
				GCC_WARN_ABOUT_RETURN_TYPE = YES_ERROR;
				GCC_WARN_UNDECLARED_SELECTOR = YES;
				GCC_WARN_UNINITIALIZED_AUTOS = YES_AGGRESSIVE;
				GCC_WARN_UNUSED_FUNCTION = YES;
				GCC_WARN_UNUSED_VARIABLE = YES;
				IPHONEOS_DEPLOYMENT_TARGET = 13.2;
				MTL_ENABLE_DEBUG_INFO = INCLUDE_SOURCE;
				MTL_FAST_MATH = YES;
				ONLY_ACTIVE_ARCH = YES;
				SDKROOT = iphoneos;
				SWIFT_ACTIVE_COMPILATION_CONDITIONS = DEBUG;
				SWIFT_OPTIMIZATION_LEVEL = "-Onone";
			};
			name = Debug;
		};
		611CFEEC23B3E67B00D1DD05 /* Release */ = {
			isa = XCBuildConfiguration;
			buildSettings = {
				ALWAYS_SEARCH_USER_PATHS = NO;
				CLANG_ANALYZER_NONNULL = YES;
				CLANG_ANALYZER_NUMBER_OBJECT_CONVERSION = YES_AGGRESSIVE;
				CLANG_CXX_LANGUAGE_STANDARD = "gnu++14";
				CLANG_CXX_LIBRARY = "libc++";
				CLANG_ENABLE_MODULES = YES;
				CLANG_ENABLE_OBJC_ARC = YES;
				CLANG_ENABLE_OBJC_WEAK = YES;
				CLANG_WARN_BLOCK_CAPTURE_AUTORELEASING = YES;
				CLANG_WARN_BOOL_CONVERSION = YES;
				CLANG_WARN_COMMA = YES;
				CLANG_WARN_CONSTANT_CONVERSION = YES;
				CLANG_WARN_DEPRECATED_OBJC_IMPLEMENTATIONS = YES;
				CLANG_WARN_DIRECT_OBJC_ISA_USAGE = YES_ERROR;
				CLANG_WARN_DOCUMENTATION_COMMENTS = YES;
				CLANG_WARN_EMPTY_BODY = YES;
				CLANG_WARN_ENUM_CONVERSION = YES;
				CLANG_WARN_INFINITE_RECURSION = YES;
				CLANG_WARN_INT_CONVERSION = YES;
				CLANG_WARN_NON_LITERAL_NULL_CONVERSION = YES;
				CLANG_WARN_OBJC_IMPLICIT_RETAIN_SELF = YES;
				CLANG_WARN_OBJC_LITERAL_CONVERSION = YES;
				CLANG_WARN_OBJC_ROOT_CLASS = YES_ERROR;
				CLANG_WARN_RANGE_LOOP_ANALYSIS = YES;
				CLANG_WARN_STRICT_PROTOTYPES = YES;
				CLANG_WARN_SUSPICIOUS_MOVE = YES;
				CLANG_WARN_UNGUARDED_AVAILABILITY = YES_AGGRESSIVE;
				CLANG_WARN_UNREACHABLE_CODE = YES;
				CLANG_WARN__DUPLICATE_METHOD_MATCH = YES;
				COPY_PHASE_STRIP = NO;
				DEBUG_INFORMATION_FORMAT = "dwarf-with-dsym";
				ENABLE_NS_ASSERTIONS = NO;
				ENABLE_STRICT_OBJC_MSGSEND = YES;
				GCC_C_LANGUAGE_STANDARD = gnu11;
				GCC_NO_COMMON_BLOCKS = YES;
				GCC_WARN_64_TO_32_BIT_CONVERSION = YES;
				GCC_WARN_ABOUT_RETURN_TYPE = YES_ERROR;
				GCC_WARN_UNDECLARED_SELECTOR = YES;
				GCC_WARN_UNINITIALIZED_AUTOS = YES_AGGRESSIVE;
				GCC_WARN_UNUSED_FUNCTION = YES;
				GCC_WARN_UNUSED_VARIABLE = YES;
				IPHONEOS_DEPLOYMENT_TARGET = 13.2;
				MTL_ENABLE_DEBUG_INFO = NO;
				MTL_FAST_MATH = YES;
				SDKROOT = iphoneos;
				SWIFT_COMPILATION_MODE = wholemodule;
				SWIFT_OPTIMIZATION_LEVEL = "-O";
				VALIDATE_PRODUCT = YES;
			};
			name = Release;
		};
		611CFEEE23B3E67B00D1DD05 /* Debug */ = {
			isa = XCBuildConfiguration;
			buildSettings = {
				ASSETCATALOG_COMPILER_APPICON_NAME = AppIcon;
				CODE_SIGN_STYLE = Automatic;
				DEVELOPMENT_ASSET_PATHS = "\"MultilineTexfield-SwiftUI/Preview Content\"";
				DEVELOPMENT_TEAM = 9XV45R93RX;
				ENABLE_PREVIEWS = YES;
				INFOPLIST_FILE = "MultilineTexfield-SwiftUI/Info.plist";
				LD_RUNPATH_SEARCH_PATHS = (
					"$(inherited)",
					"@executable_path/Frameworks",
				);
				PRODUCT_BUNDLE_IDENTIFIER = "mertala.MultilineTexfield-SwiftUI";
				PRODUCT_NAME = "$(TARGET_NAME)";
				SWIFT_VERSION = 5.0;
				TARGETED_DEVICE_FAMILY = "1,2";
			};
			name = Debug;
		};
		611CFEEF23B3E67B00D1DD05 /* Release */ = {
			isa = XCBuildConfiguration;
			buildSettings = {
				ASSETCATALOG_COMPILER_APPICON_NAME = AppIcon;
				CODE_SIGN_STYLE = Automatic;
				DEVELOPMENT_ASSET_PATHS = "\"MultilineTexfield-SwiftUI/Preview Content\"";
				DEVELOPMENT_TEAM = 9XV45R93RX;
				ENABLE_PREVIEWS = YES;
				INFOPLIST_FILE = "MultilineTexfield-SwiftUI/Info.plist";
				LD_RUNPATH_SEARCH_PATHS = (
					"$(inherited)",
					"@executable_path/Frameworks",
				);
				PRODUCT_BUNDLE_IDENTIFIER = "mertala.MultilineTexfield-SwiftUI";
				PRODUCT_NAME = "$(TARGET_NAME)";
				SWIFT_VERSION = 5.0;
				TARGETED_DEVICE_FAMILY = "1,2";
			};
			name = Release;
		};
		611CFEF123B3E67B00D1DD05 /* Debug */ = {
			isa = XCBuildConfiguration;
			buildSettings = {
				ALWAYS_EMBED_SWIFT_STANDARD_LIBRARIES = YES;
				BUNDLE_LOADER = "$(TEST_HOST)";
				CODE_SIGN_STYLE = Automatic;
				DEVELOPMENT_TEAM = 9XV45R93RX;
				INFOPLIST_FILE = "MultilineTexfield-SwiftUITests/Info.plist";
				IPHONEOS_DEPLOYMENT_TARGET = 13.2;
				LD_RUNPATH_SEARCH_PATHS = (
					"$(inherited)",
					"@executable_path/Frameworks",
					"@loader_path/Frameworks",
				);
				PRODUCT_BUNDLE_IDENTIFIER = "mertala.MultilineTexfield-SwiftUITests";
				PRODUCT_NAME = "$(TARGET_NAME)";
				SWIFT_VERSION = 5.0;
				TARGETED_DEVICE_FAMILY = "1,2";
				TEST_HOST = "$(BUILT_PRODUCTS_DIR)/MultilineTexfield-SwiftUI.app/MultilineTexfield-SwiftUI";
			};
			name = Debug;
		};
		611CFEF223B3E67B00D1DD05 /* Release */ = {
			isa = XCBuildConfiguration;
			buildSettings = {
				ALWAYS_EMBED_SWIFT_STANDARD_LIBRARIES = YES;
				BUNDLE_LOADER = "$(TEST_HOST)";
				CODE_SIGN_STYLE = Automatic;
				DEVELOPMENT_TEAM = 9XV45R93RX;
				INFOPLIST_FILE = "MultilineTexfield-SwiftUITests/Info.plist";
				IPHONEOS_DEPLOYMENT_TARGET = 13.2;
				LD_RUNPATH_SEARCH_PATHS = (
					"$(inherited)",
					"@executable_path/Frameworks",
					"@loader_path/Frameworks",
				);
				PRODUCT_BUNDLE_IDENTIFIER = "mertala.MultilineTexfield-SwiftUITests";
				PRODUCT_NAME = "$(TARGET_NAME)";
				SWIFT_VERSION = 5.0;
				TARGETED_DEVICE_FAMILY = "1,2";
				TEST_HOST = "$(BUILT_PRODUCTS_DIR)/MultilineTexfield-SwiftUI.app/MultilineTexfield-SwiftUI";
			};
			name = Release;
		};
		611CFEF423B3E67B00D1DD05 /* Debug */ = {
			isa = XCBuildConfiguration;
			buildSettings = {
				ALWAYS_EMBED_SWIFT_STANDARD_LIBRARIES = YES;
				CODE_SIGN_STYLE = Automatic;
				DEVELOPMENT_TEAM = 9XV45R93RX;
				INFOPLIST_FILE = "MultilineTexfield-SwiftUIUITests/Info.plist";
				LD_RUNPATH_SEARCH_PATHS = (
					"$(inherited)",
					"@executable_path/Frameworks",
					"@loader_path/Frameworks",
				);
				PRODUCT_BUNDLE_IDENTIFIER = "mertala.MultilineTexfield-SwiftUIUITests";
				PRODUCT_NAME = "$(TARGET_NAME)";
				SWIFT_VERSION = 5.0;
				TARGETED_DEVICE_FAMILY = "1,2";
				TEST_TARGET_NAME = "MultilineTexfield-SwiftUI";
			};
			name = Debug;
		};
		611CFEF523B3E67B00D1DD05 /* Release */ = {
			isa = XCBuildConfiguration;
			buildSettings = {
				ALWAYS_EMBED_SWIFT_STANDARD_LIBRARIES = YES;
				CODE_SIGN_STYLE = Automatic;
				DEVELOPMENT_TEAM = 9XV45R93RX;
				INFOPLIST_FILE = "MultilineTexfield-SwiftUIUITests/Info.plist";
				LD_RUNPATH_SEARCH_PATHS = (
					"$(inherited)",
					"@executable_path/Frameworks",
					"@loader_path/Frameworks",
				);
				PRODUCT_BUNDLE_IDENTIFIER = "mertala.MultilineTexfield-SwiftUIUITests";
				PRODUCT_NAME = "$(TARGET_NAME)";
				SWIFT_VERSION = 5.0;
				TARGETED_DEVICE_FAMILY = "1,2";
				TEST_TARGET_NAME = "MultilineTexfield-SwiftUI";
			};
			name = Release;
		};
/* End XCBuildConfiguration section */

/* Begin XCConfigurationList section */
		611CFEBE23B3E67800D1DD05 /* Build configuration list for PBXProject "MultilineTexfield-SwiftUI" */ = {
			isa = XCConfigurationList;
			buildConfigurations = (
				611CFEEB23B3E67B00D1DD05 /* Debug */,
				611CFEEC23B3E67B00D1DD05 /* Release */,
			);
			defaultConfigurationIsVisible = 0;
			defaultConfigurationName = Release;
		};
		611CFEED23B3E67B00D1DD05 /* Build configuration list for PBXNativeTarget "MultilineTexfield-SwiftUI" */ = {
			isa = XCConfigurationList;
			buildConfigurations = (
				611CFEEE23B3E67B00D1DD05 /* Debug */,
				611CFEEF23B3E67B00D1DD05 /* Release */,
			);
			defaultConfigurationIsVisible = 0;
			defaultConfigurationName = Release;
		};
		611CFEF023B3E67B00D1DD05 /* Build configuration list for PBXNativeTarget "MultilineTexfield-SwiftUITests" */ = {
			isa = XCConfigurationList;
			buildConfigurations = (
				611CFEF123B3E67B00D1DD05 /* Debug */,
				611CFEF223B3E67B00D1DD05 /* Release */,
			);
			defaultConfigurationIsVisible = 0;
			defaultConfigurationName = Release;
		};
		611CFEF323B3E67B00D1DD05 /* Build configuration list for PBXNativeTarget "MultilineTexfield-SwiftUIUITests" */ = {
			isa = XCConfigurationList;
			buildConfigurations = (
				611CFEF423B3E67B00D1DD05 /* Debug */,
				611CFEF523B3E67B00D1DD05 /* Release */,
			);
			defaultConfigurationIsVisible = 0;
			defaultConfigurationName = Release;
		};
/* End XCConfigurationList section */
	};
	rootObject = 611CFEBB23B3E67800D1DD05 /* Project object */;
}
